
Microsoft Visual Studio Solution File, Format Version 12.00
# Visual Studio Version 16
VisualStudioVersion = 16.0.30011.22
MinimumVisualStudioVersion = 10.0.40219.1
Project("{9A19103F-16F7-4668-BE54-9A1E7A4F7556}") = "JeremyAnsel.DirectX.SdkMesh", "JeremyAnsel.DirectX.SdkMesh\JeremyAnsel.DirectX.SdkMesh.csproj", "{EDFE6C2F-ECD8-4C17-A55D-7F7EA0E623BF}"
EndProject
Project("{FAE04EC0-301F-11D3-BF4B-00C04F79EFBC}") = "Documentation", "Documentation\Documentation.csproj", "{EAF6C39D-80C1-4F4D-8D95-215181E16205}"
	ProjectSection(ProjectDependencies) = postProject
		{EDFE6C2F-ECD8-4C17-A55D-7F7EA0E623BF} = {EDFE6C2F-ECD8-4C17-A55D-7F7EA0E623BF}
	EndProjectSection
EndProject
Global
	GlobalSection(SolutionConfigurationPlatforms) = preSolution
		Debug|Any CPU = Debug|Any CPU
		Release|Any CPU = Release|Any CPU
	EndGlobalSection
	GlobalSection(ProjectConfigurationPlatforms) = postSolution
		{EDFE6C2F-ECD8-4C17-A55D-7F7EA0E623BF}.Debug|Any CPU.ActiveCfg = Debug|Any CPU
		{EDFE6C2F-ECD8-4C17-A55D-7F7EA0E623BF}.Debug|Any CPU.Build.0 = Debug|Any CPU
		{EDFE6C2F-ECD8-4C17-A55D-7F7EA0E623BF}.Release|Any CPU.ActiveCfg = Release|Any CPU
		{EDFE6C2F-ECD8-4C17-A55D-7F7EA0E623BF}.Release|Any CPU.Build.0 = Release|Any CPU
		{EAF6C39D-80C1-4F4D-8D95-215181E16205}.Debug|Any CPU.ActiveCfg = Debug|Any CPU
		{EAF6C39D-80C1-4F4D-8D95-215181E16205}.Debug|Any CPU.Build.0 = Debug|Any CPU
		{EAF6C39D-80C1-4F4D-8D95-215181E16205}.Release|Any CPU.ActiveCfg = Release|Any CPU
		{EAF6C39D-80C1-4F4D-8D95-215181E16205}.Release|Any CPU.Build.0 = Release|Any CPU
	EndGlobalSection
	GlobalSection(SolutionProperties) = preSolution
		HideSolutionNode = FALSE
	EndGlobalSection
	GlobalSection(ExtensibilityGlobals) = postSolution
		SolutionGuid = {4BEE2600-CFD4-4F45-A99D-124243EF8A3C}
	EndGlobalSection
EndGlobal
