
Microsoft Visual Studio Solution File, Format Version 12.00
# Visual Studio Version 17
VisualStudioVersion = 17.1.32421.90
MinimumVisualStudioVersion = 10.0.40219.1
Project("{FAE04EC0-301F-11D3-BF4B-00C04F79EFBC}") = "JeremyAnsel.DirectX.SdkMesh", "JeremyAnsel.DirectX.SdkMesh\JeremyAnsel.DirectX.SdkMesh.csproj", "{EBB68C77-652C-4C5C-A360-AF06B3491957}"
EndProject
Project("{FAE04EC0-301F-11D3-BF4B-00C04F79EFBC}") = "Documentation", "Documentation\Documentation.csproj", "{8BA40665-50EE-42F1-9450-566D0E88C9CD}"
	ProjectSection(ProjectDependencies) = postProject
		{EBB68C77-652C-4C5C-A360-AF06B3491957} = {EBB68C77-652C-4C5C-A360-AF06B3491957}
	EndProjectSection
EndProject
Global
	GlobalSection(SolutionConfigurationPlatforms) = preSolution
		Debug|Any CPU = Debug|Any CPU
		Release|Any CPU = Release|Any CPU
	EndGlobalSection
	GlobalSection(ProjectConfigurationPlatforms) = postSolution
		{EBB68C77-652C-4C5C-A360-AF06B3491957}.Debug|Any CPU.ActiveCfg = Debug|Any CPU
		{EBB68C77-652C-4C5C-A360-AF06B3491957}.Debug|Any CPU.Build.0 = Debug|Any CPU
		{EBB68C77-652C-4C5C-A360-AF06B3491957}.Release|Any CPU.ActiveCfg = Release|Any CPU
		{EBB68C77-652C-4C5C-A360-AF06B3491957}.Release|Any CPU.Build.0 = Release|Any CPU
		{8BA40665-50EE-42F1-9450-566D0E88C9CD}.Debug|Any CPU.ActiveCfg = Debug|Any CPU
		{8BA40665-50EE-42F1-9450-566D0E88C9CD}.Release|Any CPU.ActiveCfg = Release|Any CPU
		{8BA40665-50EE-42F1-9450-566D0E88C9CD}.Release|Any CPU.Build.0 = Release|Any CPU
	EndGlobalSection
	GlobalSection(SolutionProperties) = preSolution
		HideSolutionNode = FALSE
	EndGlobalSection
	GlobalSection(ExtensibilityGlobals) = postSolution
		SolutionGuid = {1EED5472-DD20-42E8-8F26-4479129339BE}
	EndGlobalSection
EndGlobal
